<?xml version="1.0" encoding="utf-8"?>
<Project ToolsVersion="17.0" xmlns="http://schemas.microsoft.com/developer/msbuild/2003">
  <ItemGroup>
    <ClCompile Include="C:\Users\guidp\programming\projects\Iterated-Local-Search\source\ILS.cpp">
      <Filter>Source Files</Filter>
    </ClCompile>
    <ClCompile Include="C:\Users\guidp\programming\projects\Iterated-Local-Search\source\construction.cpp">
      <Filter>Source Files</Filter>
    </ClCompile>
    <ClCompile Include="C:\Users\guidp\programming\projects\Iterated-Local-Search\source\data.cpp">
      <Filter>Source Files</Filter>
    </ClCompile>
    <ClCompile Include="C:\Users\guidp\programming\projects\Iterated-Local-Search\source\localSearch.cpp">
      <Filter>Source Files</Filter>
    </ClCompile>
    <ClCompile Include="C:\Users\guidp\programming\projects\Iterated-Local-Search\source\main.cpp">
      <Filter>Source Files</Filter>
    </ClCompile>
    <ClCompile Include="C:\Users\guidp\programming\projects\Iterated-Local-Search\source\perturbation.cpp">
      <Filter>Source Files</Filter>
    </ClCompile>
    <ClCompile Include="C:\Users\guidp\programming\projects\Iterated-Local-Search\source\solution.cpp">
      <Filter>Source Files</Filter>
    </ClCompile>
  </ItemGroup>
  <ItemGroup>
    <CustomBuild Include="C:\Users\guidp\programming\projects\Iterated-Local-Search\CMakeLists.txt" />
  </ItemGroup>
  <ItemGroup>
    <Filter Include="Source Files">
      <UniqueIdentifier>{1254F8C0-1232-3A72-8E3F-763557AE5DE7}</UniqueIdentifier>
    </Filter>
  </ItemGroup>
</Project>
