<?xml version="1.0" encoding="utf-8"?>
<Project ToolsVersion="17.0" xmlns="http://schemas.microsoft.com/developer/msbuild/2003">
  <ItemGroup>
    <CustomBuild Include="C:\Users\guidp\programming\projects\Iterated-Local-Search\build_windows\CMakeFiles\ffbf5ddf60fad9a45ac5cfc909a83424\generate.stamp.rule">
      <Filter>CMake Rules</Filter>
    </CustomBuild>
  </ItemGroup>
  <ItemGroup>
    <Filter Include="CMake Rules">
      <UniqueIdentifier>{D0439F53-8628-3572-9AA5-F36EEFFDDD71}</UniqueIdentifier>
    </Filter>
  </ItemGroup>
</Project>
